
Microsoft Visual Studio Solution File, Format Version 12.00
# Visual Studio Version 17
VisualStudioVersion = 17.14.36915.13 d17.14
MinimumVisualStudioVersion = 10.0.40219.1
Project("{FAE04EC0-301F-11D3-BF4B-00C04F79EFBC}") = "modern_contact_indexing_system", "modern_contact_indexing_system\modern_contact_indexing_system.csproj", "{5EFD9457-9AEF-46A2-A4A5-05821A955274}"
EndProject
Global
	GlobalSection(SolutionConfigurationPlatforms) = preSolution
		Debug|Any CPU = Debug|Any CPU
		Release|Any CPU = Release|Any CPU
	EndGlobalSection
	GlobalSection(ProjectConfigurationPlatforms) = postSolution
		{5EFD9457-9AEF-46A2-A4A5-05821A955274}.Debug|Any CPU.ActiveCfg = Debug|Any CPU
		{5EFD9457-9AEF-46A2-A4A5-05821A955274}.Debug|Any CPU.Build.0 = Debug|Any CPU
		{5EFD9457-9AEF-46A2-A4A5-05821A955274}.Release|Any CPU.ActiveCfg = Release|Any CPU
		{5EFD9457-9AEF-46A2-A4A5-05821A955274}.Release|Any CPU.Build.0 = Release|Any CPU
	EndGlobalSection
	GlobalSection(SolutionProperties) = preSolution
		HideSolutionNode = FALSE
	EndGlobalSection
	GlobalSection(ExtensibilityGlobals) = postSolution
		SolutionGuid = {64BF5C82-E1B6-4A7A-9FA9-EEC72049488F}
	EndGlobalSection
EndGlobal
